
Microsoft Visual Studio Solution File, Format Version 12.00
# Visual Studio Version 17
VisualStudioVersion = 17.7.34202.233
MinimumVisualStudioVersion = 10.0.40219.1
Project("{9A19103F-16F7-4668-BE54-9A1E7A4F7556}") = "TINC", "TINC.csproj", "{2DE9F784-E2F6-4D4E-9D87-A4C2C5809C46}"
EndProject
Global
	GlobalSection(SolutionConfigurationPlatforms) = preSolution
		Debug|Any CPU = Debug|Any CPU
		Release|Any CPU = Release|Any CPU
	EndGlobalSection
	GlobalSection(ProjectConfigurationPlatforms) = postSolution
		{2DE9F784-E2F6-4D4E-9D87-A4C2C5809C46}.Debug|Any CPU.ActiveCfg = Debug|Any CPU
		{2DE9F784-E2F6-4D4E-9D87-A4C2C5809C46}.Debug|Any CPU.Build.0 = Debug|Any CPU
		{2DE9F784-E2F6-4D4E-9D87-A4C2C5809C46}.Release|Any CPU.ActiveCfg = Release|Any CPU
		{2DE9F784-E2F6-4D4E-9D87-A4C2C5809C46}.Release|Any CPU.Build.0 = Release|Any CPU
	EndGlobalSection
	GlobalSection(SolutionProperties) = preSolution
		HideSolutionNode = FALSE
	EndGlobalSection
	GlobalSection(ExtensibilityGlobals) = postSolution
		SolutionGuid = {ED43CCEF-9F0F-4401-BDC3-6560231CD134}
	EndGlobalSection
EndGlobal
